github.com/hajimehoshi/go-mp3 v0.3.4 h1:NUP7pBYH8OguP4diaTZ9wJbUbk3tC0KlfzsEpWmYj68=
github.com/hajimehoshi/go-mp3 v0.3.4/go.mod h1:fRtZraRFcWb0pu7ok0LqyFhCUrPeMsGRSVop0eemFmo=
github.com/hajimehoshi/oto/v2 v2.3.1/go.mod h1:seWLbgHH7AyUMYKfKYT9pg7PhUu9/SisyJvNTT+ASQo=
github.com/tphakala/go-audio-resampling v0.0.0-20251123212058-a9dde25e8eea h1:RPTijUmCRmUafJDv/uQnA5dp6BBHtyZ7wejxJnQp50M=
github.com/tphakala/go-audio-resampling v0.0.0-20251123212058-a9dde25e8eea/go.mod h1:p8gWXNUMavrdpjIKCHZSQg5WPR7puRy8DKxCBGpZXac=
github.com/tphakala/simd v1.0.12 h1:oLd6yJs03CaQQwIIlzMUGuNiuucARo+S8YhZNnUjSBs=
github.com/tphakala/simd v1.0.12/go.mod h1:VHIvFXdBBoTngr8xuvmIqkLhmOko31OgApWgoQB9+94=
golang.org/x/sys v0.0.0-20220712014510-0a85c31ab51e/go.mod h1:oPkhp1MJrh7nUepCBck5+mAzfO9JrbApNNgaTdGDITg=
golang.org/x/sys v0.42.0 h1:omrd2nAlyT5ESRdCLYdm3+fMfNFE/+Rf4bDIQImRJeo=
golang.org/x/sys v0.42.0/go.mod h1:4GL1E5IUh+htKOUEOaiffhrAeqysfVGipDYzABqnCmw=
gonum.org/v1/gonum v0.16.0 h1:5+ul4Swaf3ESvrOnidPp4GZbzf0mxVQpDCYUQE7OJfk=
gonum.org/v1/gonum v0.16.0/go.mod h1:fef3am4MQ93R2HHpKnLk4/Tbh/s0+wqD5nfa6Pnwy4E=
